
Microsoft Visual Studio Solution File, Format Version 12.00
# Visual Studio Version 17
VisualStudioVersion = 17.10.35027.167
MinimumVisualStudioVersion = 10.0.40219.1
Project("{FAE04EC0-301F-11D3-BF4B-00C04F79EFBC}") = "The_Glamour", "The_Glamour.csproj", "{787F5F4C-ECB8-4109-88EA-524BD9E1FC9D}"
EndProject
Global
	GlobalSection(SolutionConfigurationPlatforms) = preSolution
		Debug|Any CPU = Debug|Any CPU
		Release|Any CPU = Release|Any CPU
	EndGlobalSection
	GlobalSection(ProjectConfigurationPlatforms) = postSolution
		{787F5F4C-ECB8-4109-88EA-524BD9E1FC9D}.Debug|Any CPU.ActiveCfg = Debug|Any CPU
		{787F5F4C-ECB8-4109-88EA-524BD9E1FC9D}.Debug|Any CPU.Build.0 = Debug|Any CPU
		{787F5F4C-ECB8-4109-88EA-524BD9E1FC9D}.Release|Any CPU.ActiveCfg = Release|Any CPU
		{787F5F4C-ECB8-4109-88EA-524BD9E1FC9D}.Release|Any CPU.Build.0 = Release|Any CPU
	EndGlobalSection
	GlobalSection(SolutionProperties) = preSolution
		HideSolutionNode = FALSE
	EndGlobalSection
	GlobalSection(ExtensibilityGlobals) = postSolution
		SolutionGuid = {4CAC4B90-D5BF-4CEE-9EC8-1CC97AF18831}
	EndGlobalSection
EndGlobal
